<?xml version="1.0" encoding="utf-8"?>
<Project ToolsVersion="4.0" xmlns="http://schemas.microsoft.com/developer/msbuild/2003">
  <ItemGroup>
    <Filter Include="소스 파일">
      <UniqueIdentifier>{4FC737F1-C7A5-4376-A066-2A32D752A2FF}</UniqueIdentifier>
      <Extensions>cpp;c;cc;cxx;c++;cppm;ixx;def;odl;idl;hpj;bat;asm;asmx</Extensions>
    </Filter>
    <Filter Include="헤더 파일">
      <UniqueIdentifier>{93995380-89BD-4b04-88EB-625FBE52EBFB}</UniqueIdentifier>
      <Extensions>h;hh;hpp;hxx;h++;hm;inl;inc;ipp;xsd</Extensions>
    </Filter>
    <Filter Include="리소스 파일">
      <UniqueIdentifier>{67DA6AB6-F800-4c08-8B7A-83BB121AAD01}</UniqueIdentifier>
      <Extensions>rc;ico;cur;bmp;dlg;rc2;rct;bin;rgs;gif;jpg;jpeg;jpe;resx;tiff;tif;png;wav;mfcribbon-ms</Extensions>
    </Filter>
    <Filter Include="test">
      <UniqueIdentifier>{f9bb83bf-409d-4626-92ab-cd9b2171efc8}</UniqueIdentifier>
    </Filter>
    <Filter Include="datetime">
      <UniqueIdentifier>{afd1c694-07bb-42ae-96b4-22de538649ef}</UniqueIdentifier>
    </Filter>
  </ItemGroup>
  <ItemGroup>
    <ClInclude Include="customer.h">
      <Filter>헤더 파일</Filter>
    </ClInclude>
    <ClInclude Include="money.h">
      <Filter>헤더 파일</Filter>
    </ClInclude>
    <ClInclude Include="movie.h">
      <Filter>헤더 파일</Filter>
    </ClInclude>
    <ClInclude Include="screening.h">
      <Filter>헤더 파일</Filter>
    </ClInclude>
    <ClInclude Include="discountCondition.h">
      <Filter>헤더 파일</Filter>
    </ClInclude>
    <ClInclude Include="reservation.h">
      <Filter>헤더 파일</Filter>
    </ClInclude>
    <ClInclude Include="common.h">
      <Filter>헤더 파일</Filter>
    </ClInclude>
    <ClInclude Include="datetime\date.h">
      <Filter>datetime</Filter>
    </ClInclude>
    <ClInclude Include="datetime\datetime.h">
      <Filter>datetime</Filter>
    </ClInclude>
    <ClInclude Include="datetime\time.h">
      <Filter>datetime</Filter>
    </ClInclude>
  </ItemGroup>
  <ItemGroup>
    <ClCompile Include="Money.cpp">
      <Filter>소스 파일</Filter>
    </ClCompile>
    <ClCompile Include="test\TestDate.cpp">
      <Filter>test</Filter>
    </ClCompile>
    <ClCompile Include="main.cpp">
      <Filter>소스 파일</Filter>
    </ClCompile>
    <ClCompile Include="screening.cpp">
      <Filter>소스 파일</Filter>
    </ClCompile>
    <ClCompile Include="reservation.cpp">
      <Filter>소스 파일</Filter>
    </ClCompile>
  </ItemGroup>
  <ItemGroup>
    <Text Include="readme.txt" />
  </ItemGroup>
  <ItemGroup>
    <None Include="packages.config" />
  </ItemGroup>
</Project>